{
  "name": "yuwol-ask",
  "lockfileVersion": 3,
  "requires": true,
  "packages": {
    "": {
      "dependencies": {
        "@vercel/edge": "^1.1.0",
        "canvaskit-wasm": "^0.38.2",
        "eta": "^3.1.1"
      }
    },
    "node_modules/@vercel/edge": {
      "version": "1.1.0",
      "resolved": "https://registry.npmjs.org/@vercel/edge/-/edge-1.1.0.tgz",
      "integrity": "sha512-84H2EavY5Kul9Ef1DnTH0XEG5vChqcXjyqoRLVPjjZjLWw47sMapzXXQH09pybcshR+8AKqULGvFqPTWuRh3Rw=="
    },
    "node_modules/canvaskit-wasm": {
      "version": "0.38.2",
      "resolved": "https://registry.npmjs.org/canvaskit-wasm/-/canvaskit-wasm-0.38.2.tgz",
      "integrity": "sha512-ieRb6DO4yL91qUfyRgmyhp2Hi1KmQ9lIMfKacxHVlfp/CpKCkzgAxRGUbCsJFzwLKjs9fufGrIyvnzEYRwm1XQ=="
    },
    "node_modules/eta": {
      "version": "3.1.1",
      "resolved": "https://registry.npmjs.org/eta/-/eta-3.1.1.tgz",
      "integrity": "sha512-GVKq8BhYjvGiwKAnvPOnTwAHach3uHglvW0nG9gjEmo8ZIe8HR1aCLdQ97jlxXPcCWhB6E3rDWOk2fahFKG5Cw==",
      "engines": {
        "node": ">=6.0.0"
      },
      "funding": {
        "url": "https://github.com/eta-dev/eta?sponsor=1"
      }
    }
  }
}
