{
  "name": "yuwol-ask",
  "lockfileVersion": 3,
  "requires": true,
  "packages": {
    "": {
      "dependencies": {
        "@vercel/edge": "^1.1.0",
        "canvaskit-wasm": "^0.39.1",
        "eta": "^3.1.1"
      }
    },
    "node_modules/@vercel/edge": {
      "version": "1.1.0",
      "resolved": "https://registry.npmjs.org/@vercel/edge/-/edge-1.1.0.tgz",
      "integrity": "sha512-84H2EavY5Kul9Ef1DnTH0XEG5vChqcXjyqoRLVPjjZjLWw47sMapzXXQH09pybcshR+8AKqULGvFqPTWuRh3Rw=="
    },
    "node_modules/@webgpu/types": {
      "version": "0.1.21",
      "resolved": "https://registry.npmjs.org/@webgpu/types/-/types-0.1.21.tgz",
      "integrity": "sha512-pUrWq3V5PiSGFLeLxoGqReTZmiiXwY3jRkIG5sLLKjyqNxrwm/04b4nw7LSmGWJcKk59XOM/YRTUwOzo4MMlow=="
    },
    "node_modules/canvaskit-wasm": {
      "version": "0.39.1",
      "resolved": "https://registry.npmjs.org/canvaskit-wasm/-/canvaskit-wasm-0.39.1.tgz",
      "integrity": "sha512-Gy3lCmhUdKq+8bvDrs9t8+qf7RvcjuQn+we7vTVVyqgOVO1UVfHpsnBxkTZw+R4ApEJ3D5fKySl9TU11hmjl/A==",
      "dependencies": {
        "@webgpu/types": "0.1.21"
      }
    },
    "node_modules/eta": {
      "version": "3.1.1",
      "resolved": "https://registry.npmjs.org/eta/-/eta-3.1.1.tgz",
      "integrity": "sha512-GVKq8BhYjvGiwKAnvPOnTwAHach3uHglvW0nG9gjEmo8ZIe8HR1aCLdQ97jlxXPcCWhB6E3rDWOk2fahFKG5Cw==",
      "engines": {
        "node": ">=6.0.0"
      },
      "funding": {
        "url": "https://github.com/eta-dev/eta?sponsor=1"
      }
    }
  }
}
